
Microsoft Visual Studio Solution File, Format Version 12.00
# Visual Studio 14
VisualStudioVersion = 14.0.25123.0
MinimumVisualStudioVersion = 10.0.40219.1
Project("{E24C65DC-7377-472B-9ABA-BC803B73C61A}") = "VulnerableWebSite", "http://localhost:54286", "{9FBA7DA1-928C-411C-B07A-D7A416AD1E36}"
	ProjectSection(WebsiteProperties) = preProject
		UseIISExpress = "true"
		TargetFrameworkMoniker = ".NETFramework,Version%3Dv4.0"
		ProjectReferences = "{a7f5037e-1feb-49c5-9a2e-66560f3cba78}|ClassLibrary_Helper_VulnerableWeSite.dll;"
		Debug.AspNetCompiler.VirtualPath = "/localhost_54286"
		Debug.AspNetCompiler.PhysicalPath = "..\VulnerableWebSite\"
		Debug.AspNetCompiler.TargetPath = "PrecompiledWeb\localhost_54286\"
		Debug.AspNetCompiler.Updateable = "true"
		Debug.AspNetCompiler.ForceOverwrite = "true"
		Debug.AspNetCompiler.FixedNames = "false"
		Debug.AspNetCompiler.Debug = "True"
		Release.AspNetCompiler.VirtualPath = "/localhost_54286"
		Release.AspNetCompiler.PhysicalPath = "..\VulnerableWebSite\"
		Release.AspNetCompiler.TargetPath = "PrecompiledWeb\localhost_54286\"
		Release.AspNetCompiler.Updateable = "true"
		Release.AspNetCompiler.ForceOverwrite = "true"
		Release.AspNetCompiler.FixedNames = "false"
		Release.AspNetCompiler.Debug = "False"
		SlnRelativePath = "..\VulnerableWebSite\"
		DefaultWebSiteLanguage = "Visual C#"
	EndProjectSection
EndProject
Project("{E24C65DC-7377-472B-9ABA-BC803B73C61A}") = "VeryMaliciousWebSite", "http://localhost:56337", "{D1918C74-6A07-4F4E-81DF-2AC3485DEA7B}"
	ProjectSection(WebsiteProperties) = preProject
		UseIISExpress = "true"
		TargetFrameworkMoniker = ".NETFramework,Version%3Dv4.0"
		Debug.AspNetCompiler.VirtualPath = "/localhost_56337"
		Debug.AspNetCompiler.PhysicalPath = "..\VeryMaliciousWebSite\"
		Debug.AspNetCompiler.TargetPath = "PrecompiledWeb\localhost_56337\"
		Debug.AspNetCompiler.Updateable = "true"
		Debug.AspNetCompiler.ForceOverwrite = "true"
		Debug.AspNetCompiler.FixedNames = "false"
		Debug.AspNetCompiler.Debug = "True"
		Release.AspNetCompiler.VirtualPath = "/localhost_56337"
		Release.AspNetCompiler.PhysicalPath = "..\VeryMaliciousWebSite\"
		Release.AspNetCompiler.TargetPath = "PrecompiledWeb\localhost_56337\"
		Release.AspNetCompiler.Updateable = "true"
		Release.AspNetCompiler.ForceOverwrite = "true"
		Release.AspNetCompiler.FixedNames = "false"
		Release.AspNetCompiler.Debug = "False"
		SlnRelativePath = "..\VeryMaliciousWebSite\"
		DefaultWebSiteLanguage = "Visual C#"
	EndProjectSection
EndProject
Project("{E24C65DC-7377-472B-9ABA-BC803B73C61A}") = "ExampleCalendarControlHacked", "http://localhost:54055", "{008E1710-1C21-4C92-A24A-CD7E1B4F1371}"
	ProjectSection(WebsiteProperties) = preProject
		UseIISExpress = "true"
		TargetFrameworkMoniker = ".NETFramework,Version%3Dv4.0"
		Debug.AspNetCompiler.VirtualPath = "/localhost_54055"
		Debug.AspNetCompiler.PhysicalPath = "..\ExampleCalendarControlHacked\"
		Debug.AspNetCompiler.TargetPath = "PrecompiledWeb\localhost_54055\"
		Debug.AspNetCompiler.Updateable = "true"
		Debug.AspNetCompiler.ForceOverwrite = "true"
		Debug.AspNetCompiler.FixedNames = "false"
		Debug.AspNetCompiler.Debug = "True"
		Release.AspNetCompiler.VirtualPath = "/localhost_54055"
		Release.AspNetCompiler.PhysicalPath = "..\ExampleCalendarControlHacked\"
		Release.AspNetCompiler.TargetPath = "PrecompiledWeb\localhost_54055\"
		Release.AspNetCompiler.Updateable = "true"
		Release.AspNetCompiler.ForceOverwrite = "true"
		Release.AspNetCompiler.FixedNames = "false"
		Release.AspNetCompiler.Debug = "False"
		SlnRelativePath = "..\ExampleCalendarControlHacked\"
		DefaultWebSiteLanguage = "Visual C#"
	EndProjectSection
EndProject
Project("{FAE04EC0-301F-11D3-BF4B-00C04F79EFBC}") = "ClassLibrary_Helper_VulnerableWeSite", "ClassLibrary_Helper_VulnerableWeSite\ClassLibrary_Helper_VulnerableWeSite.csproj", "{A7F5037E-1FEB-49C5-9A2E-66560F3CBA78}"
EndProject
Project("{FAE04EC0-301F-11D3-BF4B-00C04F79EFBC}") = "A0_ValidationBasics", "A0_ValidationBasics\A0_ValidationBasics.csproj", "{514DC51C-4771-4464-B6C5-DCCC9754D625}"
EndProject
Project("{FAE04EC0-301F-11D3-BF4B-00C04F79EFBC}") = "fullXSS", "fullXSS\fullXSS.csproj", "{EBF7E114-CF7A-4B5B-8A89-9912CF33DCF9}"
EndProject
Global
	GlobalSection(SolutionConfigurationPlatforms) = preSolution
		Debug|Any CPU = Debug|Any CPU
		Release|Any CPU = Release|Any CPU
	EndGlobalSection
	GlobalSection(ProjectConfigurationPlatforms) = postSolution
		{9FBA7DA1-928C-411C-B07A-D7A416AD1E36}.Debug|Any CPU.ActiveCfg = Debug|Any CPU
		{9FBA7DA1-928C-411C-B07A-D7A416AD1E36}.Debug|Any CPU.Build.0 = Debug|Any CPU
		{9FBA7DA1-928C-411C-B07A-D7A416AD1E36}.Release|Any CPU.ActiveCfg = Debug|Any CPU
		{9FBA7DA1-928C-411C-B07A-D7A416AD1E36}.Release|Any CPU.Build.0 = Debug|Any CPU
		{D1918C74-6A07-4F4E-81DF-2AC3485DEA7B}.Debug|Any CPU.ActiveCfg = Debug|Any CPU
		{D1918C74-6A07-4F4E-81DF-2AC3485DEA7B}.Debug|Any CPU.Build.0 = Debug|Any CPU
		{D1918C74-6A07-4F4E-81DF-2AC3485DEA7B}.Release|Any CPU.ActiveCfg = Debug|Any CPU
		{D1918C74-6A07-4F4E-81DF-2AC3485DEA7B}.Release|Any CPU.Build.0 = Debug|Any CPU
		{008E1710-1C21-4C92-A24A-CD7E1B4F1371}.Debug|Any CPU.ActiveCfg = Debug|Any CPU
		{008E1710-1C21-4C92-A24A-CD7E1B4F1371}.Debug|Any CPU.Build.0 = Debug|Any CPU
		{008E1710-1C21-4C92-A24A-CD7E1B4F1371}.Release|Any CPU.ActiveCfg = Debug|Any CPU
		{008E1710-1C21-4C92-A24A-CD7E1B4F1371}.Release|Any CPU.Build.0 = Debug|Any CPU
		{A7F5037E-1FEB-49C5-9A2E-66560F3CBA78}.Debug|Any CPU.ActiveCfg = Debug|Any CPU
		{A7F5037E-1FEB-49C5-9A2E-66560F3CBA78}.Debug|Any CPU.Build.0 = Debug|Any CPU
		{A7F5037E-1FEB-49C5-9A2E-66560F3CBA78}.Release|Any CPU.ActiveCfg = Release|Any CPU
		{A7F5037E-1FEB-49C5-9A2E-66560F3CBA78}.Release|Any CPU.Build.0 = Release|Any CPU
		{514DC51C-4771-4464-B6C5-DCCC9754D625}.Debug|Any CPU.ActiveCfg = Debug|Any CPU
		{514DC51C-4771-4464-B6C5-DCCC9754D625}.Debug|Any CPU.Build.0 = Debug|Any CPU
		{514DC51C-4771-4464-B6C5-DCCC9754D625}.Release|Any CPU.ActiveCfg = Release|Any CPU
		{514DC51C-4771-4464-B6C5-DCCC9754D625}.Release|Any CPU.Build.0 = Release|Any CPU
		{EBF7E114-CF7A-4B5B-8A89-9912CF33DCF9}.Debug|Any CPU.ActiveCfg = Debug|Any CPU
		{EBF7E114-CF7A-4B5B-8A89-9912CF33DCF9}.Debug|Any CPU.Build.0 = Debug|Any CPU
		{EBF7E114-CF7A-4B5B-8A89-9912CF33DCF9}.Release|Any CPU.ActiveCfg = Release|Any CPU
		{EBF7E114-CF7A-4B5B-8A89-9912CF33DCF9}.Release|Any CPU.Build.0 = Release|Any CPU
	EndGlobalSection
	GlobalSection(SolutionProperties) = preSolution
		HideSolutionNode = FALSE
	EndGlobalSection
EndGlobal
